// !$*UTF8*$!
{
	archiveVersion = 1;
	classes = {
	};
	objectVersion = 46;
	objects = {

/* Begin PBXBuildFile section */
		161C5C6A1F44499D00DF54B9 /* LeetCode.swift in Sources */ = {isa = PBXBuildFile; fileRef = 161C5C691F44499D00DF54B9 /* LeetCode.swift */; };
		161C5C6C1F444AEA00DF54B9 /* Other.swift in Sources */ = {isa = PBXBuildFile; fileRef = 161C5C6B1F444AEA00DF54B9 /* Other.swift */; };
		16D6D79C1EEE87B0002D3DDD /* main.swift in Sources */ = {isa = PBXBuildFile; fileRef = 16D6D79B1EEE87B0002D3DDD /* main.swift */; };
		7026F96C1FE76FE7004F0AC8 /* SwiftAlgorithmsClub.swift in Sources */ = {isa = PBXBuildFile; fileRef = 7026F96B1FE76FE7004F0AC8 /* SwiftAlgorithmsClub.swift */; };
		DFD5DD681F1E502D00131696 /* Sort.swift in Sources */ = {isa = PBXBuildFile; fileRef = DFD5DD671F1E502D00131696 /* Sort.swift */; };
/* End PBXBuildFile section */

/* Begin PBXCopyFilesBuildPhase section */
		16D6D7961EEE87B0002D3DDD /* CopyFiles */ = {
			isa = PBXCopyFilesBuildPhase;
			buildActionMask = 2147483647;
			dstPath = /usr/share/man/man1/;
			dstSubfolderSpec = 0;
			files = (
			);
			runOnlyForDeploymentPostprocessing = 1;
		};
/* End PBXCopyFilesBuildPhase section */

/* Begin PBXFileReference section */
		161C5C691F44499D00DF54B9 /* LeetCode.swift */ = {isa = PBXFileReference; fileEncoding = 4; lastKnownFileType = sourcecode.swift; path = LeetCode.swift; sourceTree = "<group>"; };
		161C5C6B1F444AEA00DF54B9 /* Other.swift */ = {isa = PBXFileReference; fileEncoding = 4; lastKnownFileType = sourcecode.swift; path = Other.swift; sourceTree = "<group>"; };
		16D6D7981EEE87B0002D3DDD /* Algorithms */ = {isa = PBXFileReference; explicitFileType = "compiled.mach-o.executable"; includeInIndex = 0; path = Algorithms; sourceTree = BUILT_PRODUCTS_DIR; };
		16D6D79B1EEE87B0002D3DDD /* main.swift */ = {isa = PBXFileReference; lastKnownFileType = sourcecode.swift; path = main.swift; sourceTree = "<group>"; };
		7026F96B1FE76FE7004F0AC8 /* SwiftAlgorithmsClub.swift */ = {isa = PBXFileReference; fileEncoding = 4; lastKnownFileType = sourcecode.swift; path = SwiftAlgorithmsClub.swift; sourceTree = "<group>"; };
		DFD5DD671F1E502D00131696 /* Sort.swift */ = {isa = PBXFileReference; fileEncoding = 4; lastKnownFileType = sourcecode.swift; path = Sort.swift; sourceTree = "<group>"; };
/* End PBXFileReference section */

/* Begin PBXFrameworksBuildPhase section */
		16D6D7951EEE87B0002D3DDD /* Frameworks */ = {
			isa = PBXFrameworksBuildPhase;
			buildActionMask = 2147483647;
			files = (
			);
			runOnlyForDeploymentPostprocessing = 0;
		};
/* End PBXFrameworksBuildPhase section */

/* Begin PBXGroup section */
		16D6D78F1EEE87B0002D3DDD = {
			isa = PBXGroup;
			children = (
				16D6D79A1EEE87B0002D3DDD /* Algorithms */,
				16D6D7991EEE87B0002D3DDD /* Products */,
			);
			sourceTree = "<group>";
		};
		16D6D7991EEE87B0002D3DDD /* Products */ = {
			isa = PBXGroup;
			children = (
				16D6D7981EEE87B0002D3DDD /* Algorithms */,
			);
			name = Products;
			sourceTree = "<group>";
		};
		16D6D79A1EEE87B0002D3DDD /* Algorithms */ = {
			isa = PBXGroup;
			children = (
				16D6D79B1EEE87B0002D3DDD /* main.swift */,
				DFD5DD671F1E502D00131696 /* Sort.swift */,
				161C5C691F44499D00DF54B9 /* LeetCode.swift */,
				161C5C6B1F444AEA00DF54B9 /* Other.swift */,
				7026F96B1FE76FE7004F0AC8 /* SwiftAlgorithmsClub.swift */,
			);
			path = Algorithms;
			sourceTree = "<group>";
		};
/* End PBXGroup section */

/* Begin PBXNativeTarget section */
		16D6D7971EEE87B0002D3DDD /* Algorithms */ = {
			isa = PBXNativeTarget;
			buildConfigurationList = 16D6D79F1EEE87B0002D3DDD /* Build configuration list for PBXNativeTarget "Algorithms" */;
			buildPhases = (
				16D6D7941EEE87B0002D3DDD /* Sources */,
				16D6D7951EEE87B0002D3DDD /* Frameworks */,
				16D6D7961EEE87B0002D3DDD /* CopyFiles */,
			);
			buildRules = (
			);
			dependencies = (
			);
			name = Algorithms;
			productName = Algorithms;
			productReference = 16D6D7981EEE87B0002D3DDD /* Algorithms */;
			productType = "com.apple.product-type.tool";
		};
/* End PBXNativeTarget section */

/* Begin PBXProject section */
		16D6D7901EEE87B0002D3DDD /* Project object */ = {
			isa = PBXProject;
			attributes = {
				LastSwiftUpdateCheck = 0830;
				LastUpgradeCheck = 0830;
				ORGANIZATIONNAME = swartz006;
				TargetAttributes = {
					16D6D7971EEE87B0002D3DDD = {
						CreatedOnToolsVersion = 8.3.2;
						ProvisioningStyle = Automatic;
					};
				};
			};
			buildConfigurationList = 16D6D7931EEE87B0002D3DDD /* Build configuration list for PBXProject "Algorithms" */;
			compatibilityVersion = "Xcode 3.2";
			developmentRegion = English;
			hasScannedForEncodings = 0;
			knownRegions = (
				en,
			);
			mainGroup = 16D6D78F1EEE87B0002D3DDD;
			productRefGroup = 16D6D7991EEE87B0002D3DDD /* Products */;
			projectDirPath = "";
			projectRoot = "";
			targets = (
				16D6D7971EEE87B0002D3DDD /* Algorithms */,
			);
		};
/* End PBXProject section */

/* Begin PBXSourcesBuildPhase section */
		16D6D7941EEE87B0002D3DDD /* Sources */ = {
			isa = PBXSourcesBuildPhase;
			buildActionMask = 2147483647;
			files = (
				7026F96C1FE76FE7004F0AC8 /* SwiftAlgorithmsClub.swift in Sources */,
				161C5C6C1F444AEA00DF54B9 /* Other.swift in Sources */,
				16D6D79C1EEE87B0002D3DDD /* main.swift in Sources */,
				DFD5DD681F1E502D00131696 /* Sort.swift in Sources */,
				161C5C6A1F44499D00DF54B9 /* LeetCode.swift in Sources */,
			);
			runOnlyForDeploymentPostprocessing = 0;
		};
/* End PBXSourcesBuildPhase section */

/* Begin XCBuildConfiguration section */
		16D6D79D1EEE87B0002D3DDD /* Debug */ = {
			isa = XCBuildConfiguration;
			buildSettings = {
				ALWAYS_SEARCH_USER_PATHS = NO;
				CLANG_ANALYZER_NONNULL = YES;
				CLANG_ANALYZER_NUMBER_OBJECT_CONVERSION = YES_AGGRESSIVE;
				CLANG_CXX_LANGUAGE_STANDARD = "gnu++0x";
				CLANG_CXX_LIBRARY = "libc++";
				CLANG_ENABLE_MODULES = YES;
				CLANG_ENABLE_OBJC_ARC = YES;
				CLANG_WARN_BOOL_CONVERSION = YES;
				CLANG_WARN_CONSTANT_CONVERSION = YES;
				CLANG_WARN_DIRECT_OBJC_ISA_USAGE = YES_ERROR;
				CLANG_WARN_DOCUMENTATION_COMMENTS = YES;
				CLANG_WARN_EMPTY_BODY = YES;
				CLANG_WARN_ENUM_CONVERSION = YES;
				CLANG_WARN_INFINITE_RECURSION = YES;
				CLANG_WARN_INT_CONVERSION = YES;
				CLANG_WARN_OBJC_ROOT_CLASS = YES_ERROR;
				CLANG_WARN_SUSPICIOUS_MOVE = YES;
				CLANG_WARN_UNREACHABLE_CODE = YES;
				CLANG_WARN__DUPLICATE_METHOD_MATCH = YES;
				CODE_SIGN_IDENTITY = "-";
				COPY_PHASE_STRIP = NO;
				DEBUG_INFORMATION_FORMAT = dwarf;
				ENABLE_STRICT_OBJC_MSGSEND = YES;
				ENABLE_TESTABILITY = YES;
				GCC_C_LANGUAGE_STANDARD = gnu99;
				GCC_DYNAMIC_NO_PIC = NO;
				GCC_NO_COMMON_BLOCKS = YES;
				GCC_OPTIMIZATION_LEVEL = 0;
				GCC_PREPROCESSOR_DEFINITIONS = (
					"DEBUG=1",
					"$(inherited)",
				);
				GCC_WARN_64_TO_32_BIT_CONVERSION = YES;
				GCC_WARN_ABOUT_RETURN_TYPE = YES_ERROR;
				GCC_WARN_UNDECLARED_SELECTOR = YES;
				GCC_WARN_UNINITIALIZED_AUTOS = YES_AGGRESSIVE;
				GCC_WARN_UNUSED_FUNCTION = YES;
				GCC_WARN_UNUSED_VARIABLE = YES;
				MACOSX_DEPLOYMENT_TARGET = 10.12;
				MTL_ENABLE_DEBUG_INFO = YES;
				ONLY_ACTIVE_ARCH = YES;
				SDKROOT = macosx;
				SWIFT_OPTIMIZATION_LEVEL = "-Onone";
			};
			name = Debug;
		};
		16D6D79E1EEE87B0002D3DDD /* Release */ = {
			isa = XCBuildConfiguration;
			buildSettings = {
				ALWAYS_SEARCH_USER_PATHS = NO;
				CLANG_ANALYZER_NONNULL = YES;
				CLANG_ANALYZER_NUMBER_OBJECT_CONVERSION = YES_AGGRESSIVE;
				CLANG_CXX_LANGUAGE_STANDARD = "gnu++0x";
				CLANG_CXX_LIBRARY = "libc++";
				CLANG_ENABLE_MODULES = YES;
				CLANG_ENABLE_OBJC_ARC = YES;
				CLANG_WARN_BOOL_CONVERSION = YES;
				CLANG_WARN_CONSTANT_CONVERSION = YES;
				CLANG_WARN_DIRECT_OBJC_ISA_USAGE = YES_ERROR;
				CLANG_WARN_DOCUMENTATION_COMMENTS = YES;
				CLANG_WARN_EMPTY_BODY = YES;
				CLANG_WARN_ENUM_CONVERSION = YES;
				CLANG_WARN_INFINITE_RECURSION = YES;
				CLANG_WARN_INT_CONVERSION = YES;
				CLANG_WARN_OBJC_ROOT_CLASS = YES_ERROR;
				CLANG_WARN_SUSPICIOUS_MOVE = YES;
				CLANG_WARN_UNREACHABLE_CODE = YES;
				CLANG_WARN__DUPLICATE_METHOD_MATCH = YES;
				CODE_SIGN_IDENTITY = "-";
				COPY_PHASE_STRIP = NO;
				DEBUG_INFORMATION_FORMAT = "dwarf-with-dsym";
				ENABLE_NS_ASSERTIONS = NO;
				ENABLE_STRICT_OBJC_MSGSEND = YES;
				GCC_C_LANGUAGE_STANDARD = gnu99;
				GCC_NO_COMMON_BLOCKS = YES;
				GCC_WARN_64_TO_32_BIT_CONVERSION = YES;
				GCC_WARN_ABOUT_RETURN_TYPE = YES_ERROR;
				GCC_WARN_UNDECLARED_SELECTOR = YES;
				GCC_WARN_UNINITIALIZED_AUTOS = YES_AGGRESSIVE;
				GCC_WARN_UNUSED_FUNCTION = YES;
				GCC_WARN_UNUSED_VARIABLE = YES;
				MACOSX_DEPLOYMENT_TARGET = 10.12;
				MTL_ENABLE_DEBUG_INFO = NO;
				SDKROOT = macosx;
			};
			name = Release;
		};
		16D6D7A01EEE87B0002D3DDD /* Debug */ = {
			isa = XCBuildConfiguration;
			buildSettings = {
				PRODUCT_NAME = "$(TARGET_NAME)";
				SWIFT_VERSION = 3.0;
			};
			name = Debug;
		};
		16D6D7A11EEE87B0002D3DDD /* Release */ = {
			isa = XCBuildConfiguration;
			buildSettings = {
				PRODUCT_NAME = "$(TARGET_NAME)";
				SWIFT_VERSION = 3.0;
			};
			name = Release;
		};
/* End XCBuildConfiguration section */

/* Begin XCConfigurationList section */
		16D6D7931EEE87B0002D3DDD /* Build configuration list for PBXProject "Algorithms" */ = {
			isa = XCConfigurationList;
			buildConfigurations = (
				16D6D79D1EEE87B0002D3DDD /* Debug */,
				16D6D79E1EEE87B0002D3DDD /* Release */,
			);
			defaultConfigurationIsVisible = 0;
			defaultConfigurationName = Release;
		};
		16D6D79F1EEE87B0002D3DDD /* Build configuration list for PBXNativeTarget "Algorithms" */ = {
			isa = XCConfigurationList;
			buildConfigurations = (
				16D6D7A01EEE87B0002D3DDD /* Debug */,
				16D6D7A11EEE87B0002D3DDD /* Release */,
			);
			defaultConfigurationIsVisible = 0;
			defaultConfigurationName = Release;
		};
/* End XCConfigurationList section */
	};
	rootObject = 16D6D7901EEE87B0002D3DDD /* Project object */;
}
